
Microsoft Visual Studio Solution File, Format Version 12.00
# Visual Studio Version 17
VisualStudioVersion = 17.8.34330.188
MinimumVisualStudioVersion = 10.0.40219.1
Project("{D2ABAB84-BF74-430A-B69E-9DC6D40DDA17}") = "CreacionDeCuboProyectoFinal", "CreacionDeCuboProyectoFinal\CreacionDeCuboProyectoFinal.dwproj", "{5B3E8A27-F3CB-4053-AAD1-EAE8C39673C6}"
EndProject
Global
	GlobalSection(SolutionConfigurationPlatforms) = preSolution
		Development|Default = Development|Default
	EndGlobalSection
	GlobalSection(ProjectConfigurationPlatforms) = postSolution
		{5B3E8A27-F3CB-4053-AAD1-EAE8C39673C6}.Development|Default.ActiveCfg = Development
		{5B3E8A27-F3CB-4053-AAD1-EAE8C39673C6}.Development|Default.Build.0 = Development
		{5B3E8A27-F3CB-4053-AAD1-EAE8C39673C6}.Development|Default.Deploy.0 = Development
	EndGlobalSection
	GlobalSection(SolutionProperties) = preSolution
		HideSolutionNode = FALSE
	EndGlobalSection
	GlobalSection(ExtensibilityGlobals) = postSolution
		SolutionGuid = {5C30FA61-5335-4ABE-8B9D-FE1CC8FB5700}
	EndGlobalSection
EndGlobal
